<Solution>
  <Folder Name="/src/">
    <Project Path="src/CSVFileUploader.Application/CSVFileUploader.Application.csproj" Id="dc2f0b5e-66be-49a1-aa62-899524d35f0d" />
    <Project Path="src/CSVFileUploader.Domain/CSVFileUploader.Domain.csproj" Id="229a7445-c4c5-4661-8674-ae804974a2c1" />
    <Project Path="src/CSVFileUploader.Infrastructure/CSVFileUploader.Infrastructure.csproj" Id="faffbe46-cc10-4e0d-96fa-0519839723c6" />
    <Project Path="src/CSVFileUploader.Web/CSVFileUploader.Web.csproj" Id="898f81aa-3ce7-4495-9a84-c6858c484aaf" />
  </Folder>
  <Folder Name="/tests/">
    <Project Path="tests/CSVFileUploader.Application.Tests/CSVFileUploader.Application.Tests.csproj" Id="e2675cbd-cbed-4e49-b3d3-6baae0476335" />
    <Project Path="tests/CSVFileUploader.Domain.Tests/CSVFileUploader.Domain.Tests.csproj" Id="a0a1b9c9-cc96-4dec-b4e5-9ba71c751b13" />
    <Project Path="tests/CSVFileUploader.Infrastructure.Tests/CSVFileUploader.Infrastructure.Tests.csproj" Id="cc1dd310-68b0-4da7-a80f-50c37a6a9407" />
    <Project Path="tests/CSVFileUploader.Integration.Tests/CSVFileUploader.Integration.Tests.csproj" Id="c79ed68a-559f-4baa-849a-6ae1da015dc8" />
    <Project Path="tests/CSVFileUploader.Web.Tests/CSVFileUploader.Web.Tests.csproj" Id="788ce1d7-b06e-44f0-9def-e605ca281cda" />
  </Folder>
</Solution>
